{
  "object": {
    "pins": [
      {
        "package": "Files",
        "repositoryURL": "https://github.com/SleekDiamond41/Files",
        "state": {
          "branch": null,
          "revision": "22264821f611d8ca8254cfec8465e88c76bc4d1c",
          "version": "1.2.1"
        }
      }
    ]
  },
  "version": 1
}
