{
  "object": {
    "pins": [
      {
        "package": "Files",
        "repositoryURL": "https://github.com/SleekDiamond41/Files",
        "state": {
          "branch": null,
          "revision": "6aa43dfd137c3f1b72df92e1b74e9ba400c78adb",
          "version": "1.2.2"
        }
      }
    ]
  },
  "version": 1
}
